{
  "name": "@dsh-external/dsh-blender-plugin",
  "version": "1.0.2",
  "lockfileVersion": 3,
  "requires": true,
  "packages": {
    "": {
      "name": "@dsh-external/dsh-blender-plugin",
      "version": "1.0.2",
      "license": "BSD-3-Clause",
      "devDependencies": {
        "@types/node": "^24.13.3",
        "typescript": "^5.9.0"
      },
      "engines": {
        "node": ">=20"
      },
      "peerDependencies": {
        "@deepseek-ai/cordis": ">=4.0.0-rc <5",
        "@deepseek-ai/dsh-llm": ">=0.0.1-rc <2",
        "@deepseek-ai/dsh-tools": ">=0.0.1-rc <2",
        "@deepseek-ai/schemastery": "^3.18.0",
        "cordis": ">=4.0.0-rc <5",
        "schemastery": "^3.18.0"
      },
      "peerDependenciesMeta": {
        "@deepseek-ai/cordis": {
          "optional": true
        },
        "@deepseek-ai/schemastery": {
          "optional": true
        },
        "cordis": {
          "optional": true
        },
        "schemastery": {
          "optional": true
        }
      }
    },
    "node_modules/@types/node": {
      "version": "24.19.0",
      "resolved": "https://registry.npmjs.org/@types/node/-/node-24.19.0.tgz",
      "integrity": "sha512-zY+5tKxXdhGh1PYI0ac+7juvEu4OI6vWtVVoj5i2m42jxAY1U+zHGt6QCyOFwykdP62sM3MJ9stoYYUw5aCWew==",
      "dev": true,
      "license": "MIT",
      "dependencies": {
        "undici-types": ">=7.24.0 <7.24.7"
      }
    },
    "node_modules/typescript": {
      "version": "5.9.3",
      "resolved": "https://registry.npmjs.org/typescript/-/typescript-5.9.3.tgz",
      "integrity": "sha512-jl1vZzPDinLr9eUt3J/t7V6FgNEw9QjvBPdysz9KfQDD41fQrC2Y4vKQdiaUpFT4bXlb1RHhLpp8wtm6M5TgSw==",
      "dev": true,
      "license": "Apache-2.0",
      "bin": {
        "tsc": "bin/tsc",
        "tsserver": "bin/tsserver"
      },
      "engines": {
        "node": ">=14.17"
      }
    },
    "node_modules/undici-types": {
      "version": "7.24.6",
      "resolved": "https://registry.npmjs.org/undici-types/-/undici-types-7.24.6.tgz",
      "integrity": "sha512-WRNW+sJgj5OBN4/0JpHFqtqzhpbnV0GuB+OozA9gCL7a993SmU+1JBZCzLNxYsbMfIeDL+lTsphD5jN5N+n0zg==",
      "dev": true,
      "license": "MIT"
    }
  }
}
